{
  "name": "Proyecto_portafolio",
  "lockfileVersion": 3,
  "requires": true,
  "packages": {
    "": {
      "dependencies": {
        "@coreui/coreui": "^5.0.2",
        "bootstrap-icons": "^1.11.3",
        "ldbutton": "^2.0.4"
      }
    },
    "node_modules/@coreui/coreui": {
      "version": "5.0.2",
      "resolved": "https://registry.npmjs.org/@coreui/coreui/-/coreui-5.0.2.tgz",
      "integrity": "sha512-ox3nnVxEvitgSMKbn5+DXMMLWgjoRKL0fnWXwA4B4eTLhnzyYBUZZAs+xHWIGRK0/PfP6cMiliYdC4Swhw/5xQ==",
      "funding": [
        {
          "type": "opencollective",
          "url": "https://opencollective.com/coreui"
        }
      ],
      "peerDependencies": {
        "@popperjs/core": "^2.11.8"
      }
    },
    "node_modules/@popperjs/core": {
      "version": "2.11.8",
      "resolved": "https://registry.npmjs.org/@popperjs/core/-/core-2.11.8.tgz",
      "integrity": "sha512-P1st0aksCrn9sGZhp8GMYwBnQsbvAWsZAX44oXNNvLHGqAOcoVxmjZiohstwQ7SqKnbR47akdNi+uleWD8+g6A==",
      "peer": true,
      "funding": {
        "type": "opencollective",
        "url": "https://opencollective.com/popperjs"
      }
    },
    "node_modules/bootstrap-icons": {
      "version": "1.11.3",
      "resolved": "https://registry.npmjs.org/bootstrap-icons/-/bootstrap-icons-1.11.3.tgz",
      "integrity": "sha512-+3lpHrCw/it2/7lBL15VR0HEumaBss0+f/Lb6ZvHISn1mlK83jjFpooTLsMWbIjJMDjDjOExMsTxnXSIT4k4ww==",
      "funding": [
        {
          "type": "github",
          "url": "https://github.com/sponsors/twbs"
        },
        {
          "type": "opencollective",
          "url": "https://opencollective.com/bootstrap"
        }
      ]
    },
    "node_modules/ldbutton": {
      "version": "2.0.4",
      "resolved": "https://registry.npmjs.org/ldbutton/-/ldbutton-2.0.4.tgz",
      "integrity": "sha512-9f5VdtKf0wOuJNGwRbt02Yhc3VVCOsQmaQNwE2/CLK0b61IWrpQw+0ZA+Bo+/cxjVTIK+ex0KEyL3x7qE1SZhw==",
      "engines": {
        "node": ">=0.12.6",
        "npm": ">=1.2.2"
      }
    }
  }
}
